
Microsoft Visual Studio Solution File, Format Version 12.00
Project("{FAE04EC0-301F-11D3-BF4B-00C04F79EFBC}") = "Weatherion", "Weatherion\Weatherion.csproj", "{A286AA91-FC70-4CCB-8420-92580B7280D0}"
EndProject
Global
	GlobalSection(SolutionConfigurationPlatforms) = preSolution
		Debug|Any CPU = Debug|Any CPU
		Release|Any CPU = Release|Any CPU
	EndGlobalSection
	GlobalSection(ProjectConfigurationPlatforms) = postSolution
		{A286AA91-FC70-4CCB-8420-92580B7280D0}.Debug|Any CPU.ActiveCfg = Debug|Any CPU
		{A286AA91-FC70-4CCB-8420-92580B7280D0}.Debug|Any CPU.Build.0 = Debug|Any CPU
		{A286AA91-FC70-4CCB-8420-92580B7280D0}.Release|Any CPU.ActiveCfg = Release|Any CPU
		{A286AA91-FC70-4CCB-8420-92580B7280D0}.Release|Any CPU.Build.0 = Release|Any CPU
	EndGlobalSection
EndGlobal
